{
  "name": "@stigmer/extension-consumer",
  "version": "0.0.0",
  "lockfileVersion": 3,
  "requires": true,
  "packages": {
    "": {
      "name": "@stigmer/extension-consumer",
      "version": "0.0.0",
      "dependencies": {
        "@bufbuild/protobuf": "2.12.0",
        "@connectrpc/connect": "^2.0.0",
        "@stigmer/protos": "file:../../apis/stubs/ts",
        "@stigmer/server": "file:../../backend/services/stigmer-server"
      },
      "devDependencies": {
        "@types/node": "22.20.1",
        "typescript": "^5.7.0"
      }
    },
    "../../apis/stubs/ts": {
      "name": "@stigmer/protos",
      "version": "0.0.0-dev",
      "license": "Apache-2.0",
      "dependencies": {
        "@bufbuild/protobuf": "2.12.0"
      },
      "devDependencies": {
        "typescript": "^5.7.0"
      },
      "engines": {
        "node": ">=18"
      }
    },
    "../../backend/services/stigmer-server": {
      "name": "@stigmer/server",
      "version": "0.0.0-dev",
      "license": "Apache-2.0",
      "dependencies": {
        "@aws-sdk/client-s3": "3.1116.0",
        "@aws-sdk/s3-request-presigner": "3.1116.0",
        "@bufbuild/protobuf": "2.12.0",
        "@bufbuild/protovalidate": "^1.1.1",
        "@connectrpc/connect": "^2.0.0",
        "@connectrpc/connect-node": "^2.0.0",
        "@stigmer/protos": "file:../../../apis/stubs/ts",
        "@stigmer/temporal-codecs": "file:../../libs/ts/temporal-codecs",
        "@stigmer/zip-structure": "file:../../libs/ts/zip-structure",
        "@temporalio/activity": "1.16.2",
        "@temporalio/client": "1.16.2",
        "@temporalio/common": "1.16.2",
        "@temporalio/proto": "1.16.2",
        "@temporalio/worker": "1.16.2",
        "@temporalio/workflow": "1.16.2",
        "fflate": "^0.8.3",
        "js-yaml": "^4.3.1",
        "pg": "8.23.0",
        "ulidx": "2.4.1"
      },
      "devDependencies": {
        "@connectrpc/connect-web": "^2.0.0",
        "@temporalio/testing": "1.16.2",
        "@types/js-yaml": "^4.0.9",
        "@types/node": "22.20.1",
        "@types/pg": "8.23.1",
        "esbuild": "^0.28.0",
        "tsx": "^4.21.0",
        "typescript": "^5.7.0",
        "vitest": "^3.2.4"
      },
      "engines": {
        "node": ">=22.13.0 <23 || >=24"
      }
    },
    "node_modules/@bufbuild/protobuf": {
      "version": "2.12.0",
      "resolved": "https://registry.npmjs.org/@bufbuild/protobuf/-/protobuf-2.12.0.tgz",
      "integrity": "sha512-B/XlCaFIP8LOwzo+bz5uFzATYokcwCKQcghqnlfwSmM5eX/qTkvDBnDPs+gXtX/RyjxJ4DRikECcPJbyALA8FA==",
      "license": "(Apache-2.0 AND BSD-3-Clause)"
    },
    "node_modules/@connectrpc/connect": {
      "version": "2.1.2",
      "resolved": "https://registry.npmjs.org/@connectrpc/connect/-/connect-2.1.2.tgz",
      "integrity": "sha512-MXkBijtcX09R10Eb6sFeIetc6w6746eio6xtfuyVOH7oQAacT1X0GzMIQFux6Qy8cq3W/T5qX5Bei8YbFtmRGA==",
      "license": "Apache-2.0",
      "peerDependencies": {
        "@bufbuild/protobuf": "^2.7.0"
      }
    },
    "node_modules/@stigmer/protos": {
      "resolved": "../../apis/stubs/ts",
      "link": true
    },
    "node_modules/@stigmer/server": {
      "resolved": "../../backend/services/stigmer-server",
      "link": true
    },
    "node_modules/@types/node": {
      "version": "22.20.1",
      "resolved": "https://registry.npmjs.org/@types/node/-/node-22.20.1.tgz",
      "integrity": "sha512-EANqOCF9QFyra+4pfxUcX9STKJpCLjMbObVzljIJomAWSnuSIEAvyzEU53GaajbXJEgdh0iEcPL+DGvpUd4k1Q==",
      "dev": true,
      "license": "MIT",
      "dependencies": {
        "undici-types": "~6.21.0"
      }
    },
    "node_modules/typescript": {
      "version": "5.9.3",
      "resolved": "https://registry.npmjs.org/typescript/-/typescript-5.9.3.tgz",
      "integrity": "sha512-jl1vZzPDinLr9eUt3J/t7V6FgNEw9QjvBPdysz9KfQDD41fQrC2Y4vKQdiaUpFT4bXlb1RHhLpp8wtm6M5TgSw==",
      "dev": true,
      "license": "Apache-2.0",
      "bin": {
        "tsc": "bin/tsc",
        "tsserver": "bin/tsserver"
      },
      "engines": {
        "node": ">=14.17"
      }
    },
    "node_modules/undici-types": {
      "version": "6.21.0",
      "resolved": "https://registry.npmjs.org/undici-types/-/undici-types-6.21.0.tgz",
      "integrity": "sha512-iwDZqg0QAGrg9Rav5H4n0M64c3mkR59cJ6wQp+7C4nI0gsmExaedaYLNO44eT4AtBBwjbTiGPMlt2Md0T9H9JQ==",
      "dev": true,
      "license": "MIT"
    }
  }
}
